<?xml version="1.0" encoding="utf-8"?>
<Project ToolsVersion="4.0" xmlns="http://schemas.microsoft.com/developer/msbuild/2003">
  <ItemGroup>
    <None Include="head.vert" />
    <None Include="head.frag" />
    <None Include="tentacles.frag" />
    <None Include="tentacles.vert" />
    <None Include="Angel\head.vert" />
    <None Include="Angel\head.frag" />
    <None Include="sky.vert" />
    <None Include="sky.frag" />
  </ItemGroup>
  <ItemGroup>
    <ClCompile Include="main.cpp" />
    <ClCompile Include="Angel\InitShader.cpp">
      <Filter>Angel</Filter>
    </ClCompile>
    <ClCompile Include="Angel\obj_reader.cpp">
      <Filter>Angel</Filter>
    </ClCompile>
    <ClCompile Include="Angel\vtk_reader.cpp">
      <Filter>Angel</Filter>
    </ClCompile>
    <ClCompile Include="Jellyfish.cpp" />
    <ClCompile Include="HSVColorPicker.cpp" />
  </ItemGroup>
  <ItemGroup>
    <ClInclude Include="Angel\Angel.h">
      <Filter>Angel</Filter>
    </ClInclude>
    <ClInclude Include="Angel\CheckError.h">
      <Filter>Angel</Filter>
    </ClInclude>
    <ClInclude Include="Angel\mat.h">
      <Filter>Angel</Filter>
    </ClInclude>
    <ClInclude Include="Angel\obj_reader.h">
      <Filter>Angel</Filter>
    </ClInclude>
    <ClInclude Include="Angel\vec.h">
      <Filter>Angel</Filter>
    </ClInclude>
    <ClInclude Include="Angel\vtk_reader.h">
      <Filter>Angel</Filter>
    </ClInclude>
    <ClInclude Include="Jellyfish.h" />
    <ClInclude Include="Angel\parameters.h" />
    <ClInclude Include="Angel\jellyfish_parameters.h" />
    <ClInclude Include="parameters.h" />
    <ClInclude Include="HSVColorPicker.h" />
  </ItemGroup>
  <ItemGroup>
    <Filter Include="Angel">
      <UniqueIdentifier>{9e28f86f-1ed2-403f-b041-aea9bbb1f3e7}</UniqueIdentifier>
    </Filter>
  </ItemGroup>
</Project>